
Microsoft Visual Studio Solution File, Format Version 12.00
# Visual Studio Version 17
VisualStudioVersion = 17.0.31903.59
MinimumVisualStudioVersion = 10.0.40219.1
Project("{FAE04EC0-301F-11D3-BF4B-00C04F79EFBC}") = "CrossWikiEditor.Core", "src\CrossWikiEditor.Core\CrossWikiEditor.Core.csproj", "{BC05B271-BA29-4DA4-8F4B-5006E166BB9C}"
EndProject
Project("{FAE04EC0-301F-11D3-BF4B-00C04F79EFBC}") = "CrossWikiEditor", "src\CrossWikiEditor\CrossWikiEditor.csproj", "{C170EFFB-F299-442A-9165-FDF038447D87}"
EndProject
Project("{FAE04EC0-301F-11D3-BF4B-00C04F79EFBC}") = "CrossWikiEditor.Tests", "src\CrossWikiEditor.Tests\CrossWikiEditor.Tests.csproj", "{4E223F65-5490-4137-9016-FA4C64875934}"
EndProject
Global
	GlobalSection(SolutionConfigurationPlatforms) = preSolution
		Debug|Any CPU = Debug|Any CPU
		Release|Any CPU = Release|Any CPU
	EndGlobalSection
	GlobalSection(SolutionProperties) = preSolution
		HideSolutionNode = FALSE
	EndGlobalSection
	GlobalSection(ProjectConfigurationPlatforms) = postSolution
		{BC05B271-BA29-4DA4-8F4B-5006E166BB9C}.Debug|Any CPU.ActiveCfg = Debug|Any CPU
		{BC05B271-BA29-4DA4-8F4B-5006E166BB9C}.Debug|Any CPU.Build.0 = Debug|Any CPU
		{BC05B271-BA29-4DA4-8F4B-5006E166BB9C}.Release|Any CPU.ActiveCfg = Release|Any CPU
		{BC05B271-BA29-4DA4-8F4B-5006E166BB9C}.Release|Any CPU.Build.0 = Release|Any CPU
		{C170EFFB-F299-442A-9165-FDF038447D87}.Debug|Any CPU.ActiveCfg = Debug|Any CPU
		{C170EFFB-F299-442A-9165-FDF038447D87}.Debug|Any CPU.Build.0 = Debug|Any CPU
		{C170EFFB-F299-442A-9165-FDF038447D87}.Release|Any CPU.ActiveCfg = Release|Any CPU
		{C170EFFB-F299-442A-9165-FDF038447D87}.Release|Any CPU.Build.0 = Release|Any CPU
		{4E223F65-5490-4137-9016-FA4C64875934}.Debug|Any CPU.ActiveCfg = Debug|Any CPU
		{4E223F65-5490-4137-9016-FA4C64875934}.Debug|Any CPU.Build.0 = Debug|Any CPU
		{4E223F65-5490-4137-9016-FA4C64875934}.Release|Any CPU.ActiveCfg = Release|Any CPU
		{4E223F65-5490-4137-9016-FA4C64875934}.Release|Any CPU.Build.0 = Release|Any CPU
	EndGlobalSection
EndGlobal
