
Microsoft Visual Studio Solution File, Format Version 12.00
# Visual Studio Version 17
VisualStudioVersion = 17.6.33829.357
MinimumVisualStudioVersion = 10.0.40219.1
Project("{9A19103F-16F7-4668-BE54-9A1E7A4F7556}") = "CrossWikiEditor", "CrossWikiEditor\CrossWikiEditor.csproj", "{620449B9-AC52-4B1F-AAB6-C11A34082CC9}"
EndProject
Project("{9A19103F-16F7-4668-BE54-9A1E7A4F7556}") = "CrossWikiEditor.Tests", "CrossWikiEditor.Tests\CrossWikiEditor.Tests.csproj", "{845C2F9C-3205-490A-9841-0AD3CC2D0EE0}"
EndProject
Global
	GlobalSection(SolutionConfigurationPlatforms) = preSolution
		Debug|Any CPU = Debug|Any CPU
		Release|Any CPU = Release|Any CPU
	EndGlobalSection
	GlobalSection(ProjectConfigurationPlatforms) = postSolution
		{620449B9-AC52-4B1F-AAB6-C11A34082CC9}.Debug|Any CPU.ActiveCfg = Debug|Any CPU
		{620449B9-AC52-4B1F-AAB6-C11A34082CC9}.Debug|Any CPU.Build.0 = Debug|Any CPU
		{620449B9-AC52-4B1F-AAB6-C11A34082CC9}.Release|Any CPU.ActiveCfg = Release|Any CPU
		{620449B9-AC52-4B1F-AAB6-C11A34082CC9}.Release|Any CPU.Build.0 = Release|Any CPU
		{845C2F9C-3205-490A-9841-0AD3CC2D0EE0}.Debug|Any CPU.ActiveCfg = Debug|Any CPU
		{845C2F9C-3205-490A-9841-0AD3CC2D0EE0}.Debug|Any CPU.Build.0 = Debug|Any CPU
		{845C2F9C-3205-490A-9841-0AD3CC2D0EE0}.Release|Any CPU.ActiveCfg = Release|Any CPU
		{845C2F9C-3205-490A-9841-0AD3CC2D0EE0}.Release|Any CPU.Build.0 = Release|Any CPU
	EndGlobalSection
	GlobalSection(SolutionProperties) = preSolution
		HideSolutionNode = FALSE
	EndGlobalSection
	GlobalSection(ExtensibilityGlobals) = postSolution
		SolutionGuid = {1D0C7CB3-548D-4854-A80B-284DA7DBD21A}
	EndGlobalSection
EndGlobal
